{
  "name": "test-expo-30143",
  "version": "1.0.0",
  "lockfileVersion": 3,
  "requires": true,
  "packages": {
    "": {
      "name": "test-expo-30143",
      "version": "1.0.0",
      "workspaces": [
        "apps/*",
        "packages/*"
      ]
    },
    "node_modules/test-pkg": {
      "resolved": "packages/test-pkg",
      "link": true
    },
    "packages/test-pkg": {
      "version": "0.0.0"
    }
  }
}
